
Microsoft Visual Studio Solution File, Format Version 12.00
# Visual Studio 15
VisualStudioVersion = 15.0.28307.572
MinimumVisualStudioVersion = 10.0.40219.1
Project("{FAE04EC0-301F-11D3-BF4B-00C04F79EFBC}") = "ChatSystemServer", "ChatSystemServer\ChatSystemServer.csproj", "{A0D9A84F-FF27-4536-B014-D1D11E431A71}"
EndProject
Project("{FAE04EC0-301F-11D3-BF4B-00C04F79EFBC}") = "Common", "Common\Common.csproj", "{50A36E97-9C9A-4C87-9733-D5CED8F70AB9}"
EndProject
Global
	GlobalSection(SolutionConfigurationPlatforms) = preSolution
		Debug|Any CPU = Debug|Any CPU
		Release|Any CPU = Release|Any CPU
	EndGlobalSection
	GlobalSection(ProjectConfigurationPlatforms) = postSolution
		{A0D9A84F-FF27-4536-B014-D1D11E431A71}.Debug|Any CPU.ActiveCfg = Debug|Any CPU
		{A0D9A84F-FF27-4536-B014-D1D11E431A71}.Debug|Any CPU.Build.0 = Debug|Any CPU
		{A0D9A84F-FF27-4536-B014-D1D11E431A71}.Release|Any CPU.ActiveCfg = Release|Any CPU
		{A0D9A84F-FF27-4536-B014-D1D11E431A71}.Release|Any CPU.Build.0 = Release|Any CPU
		{50A36E97-9C9A-4C87-9733-D5CED8F70AB9}.Debug|Any CPU.ActiveCfg = Debug|Any CPU
		{50A36E97-9C9A-4C87-9733-D5CED8F70AB9}.Debug|Any CPU.Build.0 = Debug|Any CPU
		{50A36E97-9C9A-4C87-9733-D5CED8F70AB9}.Release|Any CPU.ActiveCfg = Release|Any CPU
		{50A36E97-9C9A-4C87-9733-D5CED8F70AB9}.Release|Any CPU.Build.0 = Release|Any CPU
	EndGlobalSection
	GlobalSection(SolutionProperties) = preSolution
		HideSolutionNode = FALSE
	EndGlobalSection
	GlobalSection(ExtensibilityGlobals) = postSolution
		SolutionGuid = {6EAF3BB7-2039-45D9-9187-176A4C4A9460}
	EndGlobalSection
EndGlobal
